
Microsoft Visual Studio Solution File, Format Version 12.00
# Visual Studio Version 17
VisualStudioVersion = 17.0.32014.148
MinimumVisualStudioVersion = 10.0.40219.1
Project("{9A19103F-16F7-4668-BE54-9A1E7A4F7556}") = "akbank_bootcamp", "akbank_bootcamp\akbank_bootcamp.csproj", "{D80A953E-14B3-4EEB-9BE6-B7B9F6CE4C41}"
EndProject
Project("{9A19103F-16F7-4668-BE54-9A1E7A4F7556}") = "DAL", "DAL\DAL.csproj", "{0E1C29DE-47CA-452C-94F0-AF4A26C7289B}"
EndProject
Project("{9A19103F-16F7-4668-BE54-9A1E7A4F7556}") = "Entities", "Entities\Entities.csproj", "{E2423A25-A8EF-4C57-B77A-09F10F5A31AF}"
EndProject
Project("{FAE04EC0-301F-11D3-BF4B-00C04F79EFBC}") = "MonitoringService", "MonitoringService\MonitoringService.csproj", "{136613BE-F872-40C1-8263-AB4FFEBA8339}"
EndProject
Global
	GlobalSection(SolutionConfigurationPlatforms) = preSolution
		Debug|Any CPU = Debug|Any CPU
		Release|Any CPU = Release|Any CPU
	EndGlobalSection
	GlobalSection(ProjectConfigurationPlatforms) = postSolution
		{D80A953E-14B3-4EEB-9BE6-B7B9F6CE4C41}.Debug|Any CPU.ActiveCfg = Debug|Any CPU
		{D80A953E-14B3-4EEB-9BE6-B7B9F6CE4C41}.Debug|Any CPU.Build.0 = Debug|Any CPU
		{D80A953E-14B3-4EEB-9BE6-B7B9F6CE4C41}.Release|Any CPU.ActiveCfg = Release|Any CPU
		{D80A953E-14B3-4EEB-9BE6-B7B9F6CE4C41}.Release|Any CPU.Build.0 = Release|Any CPU
		{0E1C29DE-47CA-452C-94F0-AF4A26C7289B}.Debug|Any CPU.ActiveCfg = Debug|Any CPU
		{0E1C29DE-47CA-452C-94F0-AF4A26C7289B}.Debug|Any CPU.Build.0 = Debug|Any CPU
		{0E1C29DE-47CA-452C-94F0-AF4A26C7289B}.Release|Any CPU.ActiveCfg = Release|Any CPU
		{0E1C29DE-47CA-452C-94F0-AF4A26C7289B}.Release|Any CPU.Build.0 = Release|Any CPU
		{E2423A25-A8EF-4C57-B77A-09F10F5A31AF}.Debug|Any CPU.ActiveCfg = Debug|Any CPU
		{E2423A25-A8EF-4C57-B77A-09F10F5A31AF}.Debug|Any CPU.Build.0 = Debug|Any CPU
		{E2423A25-A8EF-4C57-B77A-09F10F5A31AF}.Release|Any CPU.ActiveCfg = Release|Any CPU
		{E2423A25-A8EF-4C57-B77A-09F10F5A31AF}.Release|Any CPU.Build.0 = Release|Any CPU
		{136613BE-F872-40C1-8263-AB4FFEBA8339}.Debug|Any CPU.ActiveCfg = Debug|Any CPU
		{136613BE-F872-40C1-8263-AB4FFEBA8339}.Debug|Any CPU.Build.0 = Debug|Any CPU
		{136613BE-F872-40C1-8263-AB4FFEBA8339}.Release|Any CPU.ActiveCfg = Release|Any CPU
		{136613BE-F872-40C1-8263-AB4FFEBA8339}.Release|Any CPU.Build.0 = Release|Any CPU
	EndGlobalSection
	GlobalSection(SolutionProperties) = preSolution
		HideSolutionNode = FALSE
	EndGlobalSection
	GlobalSection(ExtensibilityGlobals) = postSolution
		SolutionGuid = {B038A35D-93A3-4AD6-9FD5-B4024175FB9F}
	EndGlobalSection
EndGlobal
